// !$*UTF8*$!
{
	archiveVersion = 1;
	classes = {
	};
	objectVersion = 46;
	objects = {

/* Begin PBXBuildFile section */
		416313151C9AFBCA003C3368 /* FilesViewController.swift in Sources */ = {isa = PBXBuildFile; fileRef = 416313141C9AFBCA003C3368 /* FilesViewController.swift */; };
		41902ADC1C997CAF00022F95 /* RACFRC.h in Headers */ = {isa = PBXBuildFile; fileRef = 41902ADB1C997CAF00022F95 /* RACFRC.h */; settings = {ATTRIBUTES = (Public, ); }; };
		41902AE31C997CB000022F95 /* RACFRC.framework in Frameworks */ = {isa = PBXBuildFile; fileRef = 41902AD81C997CAF00022F95 /* RACFRC.framework */; };
		41902AE81C997CB000022F95 /* RACFRCTests.swift in Sources */ = {isa = PBXBuildFile; fileRef = 41902AE71C997CB000022F95 /* RACFRCTests.swift */; };
		41902AF31C997CF100022F95 /* RACFRC.swift in Sources */ = {isa = PBXBuildFile; fileRef = 41902AF21C997CF100022F95 /* RACFRC.swift */; };
		41902AFF1C9980C700022F95 /* Array+diff.swift in Sources */ = {isa = PBXBuildFile; fileRef = 41902AF81C9980C700022F95 /* Array+diff.swift */; };
		41902B001C9980C700022F95 /* FlatMutableCollectionChange.swift in Sources */ = {isa = PBXBuildFile; fileRef = 41902AF91C9980C700022F95 /* FlatMutableCollectionChange.swift */; };
		41902B011C9980C700022F95 /* MutableCollectionChange.swift in Sources */ = {isa = PBXBuildFile; fileRef = 41902AFA1C9980C700022F95 /* MutableCollectionChange.swift */; };
		41902B021C9980C700022F95 /* MutableCollectionChangeOperation.swift in Sources */ = {isa = PBXBuildFile; fileRef = 41902AFB1C9980C700022F95 /* MutableCollectionChangeOperation.swift */; };
		41902B031C9980C700022F95 /* MutableCollectionProperty.h in Headers */ = {isa = PBXBuildFile; fileRef = 41902AFC1C9980C700022F95 /* MutableCollectionProperty.h */; };
		41902B041C9980C700022F95 /* MutableCollectionProperty.swift in Sources */ = {isa = PBXBuildFile; fileRef = 41902AFD1C9980C700022F95 /* MutableCollectionProperty.swift */; };
		41902B051C9980C700022F95 /* WeakSet.swift in Sources */ = {isa = PBXBuildFile; fileRef = 41902AFE1C9980C700022F95 /* WeakSet.swift */; };
		41902B121C9982F800022F95 /* ReactiveCocoa.framework in Resources */ = {isa = PBXBuildFile; fileRef = 41902B101C9982F800022F95 /* ReactiveCocoa.framework */; };
		41902B131C9982F800022F95 /* Result.framework in Resources */ = {isa = PBXBuildFile; fileRef = 41902B111C9982F800022F95 /* Result.framework */; };
		41902B141C9982FE00022F95 /* ReactiveCocoa.framework in Copy Frameworks */ = {isa = PBXBuildFile; fileRef = 41902B101C9982F800022F95 /* ReactiveCocoa.framework */; settings = {ATTRIBUTES = (CodeSignOnCopy, RemoveHeadersOnCopy, ); }; };
		41902B151C9982FE00022F95 /* Result.framework in Copy Frameworks */ = {isa = PBXBuildFile; fileRef = 41902B111C9982F800022F95 /* Result.framework */; settings = {ATTRIBUTES = (CodeSignOnCopy, RemoveHeadersOnCopy, ); }; };
		41902B5A1C99CA9200022F95 /* File.swift in Sources */ = {isa = PBXBuildFile; fileRef = 41902B571C99C98400022F95 /* File.swift */; };
		41902B5B1C99CA9200022F95 /* Model.xcdatamodeld in Sources */ = {isa = PBXBuildFile; fileRef = 41902B531C99C93900022F95 /* Model.xcdatamodeld */; };
		41902B5D1C99CE4F00022F95 /* CoreDataHelper.swift in Sources */ = {isa = PBXBuildFile; fileRef = 41902B5C1C99CE4F00022F95 /* CoreDataHelper.swift */; };
		41902B5F1C9AC22500022F95 /* FilesViewModel.swift in Sources */ = {isa = PBXBuildFile; fileRef = 41902B5E1C9AC22500022F95 /* FilesViewModel.swift */; };
/* End PBXBuildFile section */

/* Begin PBXContainerItemProxy section */
		41902AE41C997CB000022F95 /* PBXContainerItemProxy */ = {
			isa = PBXContainerItemProxy;
			containerPortal = 41902ACF1C997CAF00022F95 /* Project object */;
			proxyType = 1;
			remoteGlobalIDString = 41902AD71C997CAF00022F95;
			remoteInfo = RACFRC;
		};
/* End PBXContainerItemProxy section */

/* Begin PBXCopyFilesBuildPhase section */
		41902B0B1C99827F00022F95 /* Copy Frameworks */ = {
			isa = PBXCopyFilesBuildPhase;
			buildActionMask = 2147483647;
			dstPath = "";
			dstSubfolderSpec = 10;
			files = (
				41902B141C9982FE00022F95 /* ReactiveCocoa.framework in Copy Frameworks */,
				41902B151C9982FE00022F95 /* Result.framework in Copy Frameworks */,
			);
			name = "Copy Frameworks";
			runOnlyForDeploymentPostprocessing = 0;
		};
/* End PBXCopyFilesBuildPhase section */

/* Begin PBXFileReference section */
		416313141C9AFBCA003C3368 /* FilesViewController.swift */ = {isa = PBXFileReference; fileEncoding = 4; lastKnownFileType = sourcecode.swift; path = FilesViewController.swift; sourceTree = "<group>"; };
		41902AD81C997CAF00022F95 /* RACFRC.framework */ = {isa = PBXFileReference; explicitFileType = wrapper.framework; includeInIndex = 0; path = RACFRC.framework; sourceTree = BUILT_PRODUCTS_DIR; };
		41902ADB1C997CAF00022F95 /* RACFRC.h */ = {isa = PBXFileReference; lastKnownFileType = sourcecode.c.h; path = RACFRC.h; sourceTree = "<group>"; };
		41902ADD1C997CAF00022F95 /* Info.plist */ = {isa = PBXFileReference; lastKnownFileType = text.plist.xml; path = Info.plist; sourceTree = "<group>"; };
		41902AE21C997CB000022F95 /* RACFRCTests.xctest */ = {isa = PBXFileReference; explicitFileType = wrapper.cfbundle; includeInIndex = 0; path = RACFRCTests.xctest; sourceTree = BUILT_PRODUCTS_DIR; };
		41902AE71C997CB000022F95 /* RACFRCTests.swift */ = {isa = PBXFileReference; lastKnownFileType = sourcecode.swift; path = RACFRCTests.swift; sourceTree = "<group>"; };
		41902AE91C997CB000022F95 /* Info.plist */ = {isa = PBXFileReference; lastKnownFileType = text.plist.xml; path = Info.plist; sourceTree = "<group>"; };
		41902AF21C997CF100022F95 /* RACFRC.swift */ = {isa = PBXFileReference; fileEncoding = 4; lastKnownFileType = sourcecode.swift; path = RACFRC.swift; sourceTree = "<group>"; };
		41902AF81C9980C700022F95 /* Array+diff.swift */ = {isa = PBXFileReference; fileEncoding = 4; lastKnownFileType = sourcecode.swift; name = "Array+diff.swift"; path = "../../RAC-MutableCollectionProperty/MutableCollectionProperty/Array+diff.swift"; sourceTree = "<group>"; };
		41902AF91C9980C700022F95 /* FlatMutableCollectionChange.swift */ = {isa = PBXFileReference; fileEncoding = 4; lastKnownFileType = sourcecode.swift; name = FlatMutableCollectionChange.swift; path = "../../RAC-MutableCollectionProperty/MutableCollectionProperty/FlatMutableCollectionChange.swift"; sourceTree = "<group>"; };
		41902AFA1C9980C700022F95 /* MutableCollectionChange.swift */ = {isa = PBXFileReference; fileEncoding = 4; lastKnownFileType = sourcecode.swift; name = MutableCollectionChange.swift; path = "../../RAC-MutableCollectionProperty/MutableCollectionProperty/MutableCollectionChange.swift"; sourceTree = "<group>"; };
		41902AFB1C9980C700022F95 /* MutableCollectionChangeOperation.swift */ = {isa = PBXFileReference; fileEncoding = 4; lastKnownFileType = sourcecode.swift; name = MutableCollectionChangeOperation.swift; path = "../../RAC-MutableCollectionProperty/MutableCollectionProperty/MutableCollectionChangeOperation.swift"; sourceTree = "<group>"; };
		41902AFC1C9980C700022F95 /* MutableCollectionProperty.h */ = {isa = PBXFileReference; fileEncoding = 4; lastKnownFileType = sourcecode.c.h; name = MutableCollectionProperty.h; path = "../../RAC-MutableCollectionProperty/MutableCollectionProperty/MutableCollectionProperty.h"; sourceTree = "<group>"; };
		41902AFD1C9980C700022F95 /* MutableCollectionProperty.swift */ = {isa = PBXFileReference; fileEncoding = 4; lastKnownFileType = sourcecode.swift; name = MutableCollectionProperty.swift; path = "../../RAC-MutableCollectionProperty/MutableCollectionProperty/MutableCollectionProperty.swift"; sourceTree = "<group>"; };
		41902AFE1C9980C700022F95 /* WeakSet.swift */ = {isa = PBXFileReference; fileEncoding = 4; lastKnownFileType = sourcecode.swift; name = WeakSet.swift; path = "../../RAC-MutableCollectionProperty/MutableCollectionProperty/WeakSet.swift"; sourceTree = "<group>"; };
		41902B101C9982F800022F95 /* ReactiveCocoa.framework */ = {isa = PBXFileReference; lastKnownFileType = wrapper.framework; name = ReactiveCocoa.framework; path = "../RAC-MutableCollectionProperty/Carthage/Build/iOS/ReactiveCocoa.framework"; sourceTree = "<group>"; };
		41902B111C9982F800022F95 /* Result.framework */ = {isa = PBXFileReference; lastKnownFileType = wrapper.framework; name = Result.framework; path = "../RAC-MutableCollectionProperty/Carthage/Build/iOS/Result.framework"; sourceTree = "<group>"; };
		41902B541C99C93900022F95 /* Model.xcdatamodel */ = {isa = PBXFileReference; lastKnownFileType = wrapper.xcdatamodel; path = Model.xcdatamodel; sourceTree = "<group>"; };
		41902B571C99C98400022F95 /* File.swift */ = {isa = PBXFileReference; fileEncoding = 4; lastKnownFileType = sourcecode.swift; path = File.swift; sourceTree = "<group>"; };
		41902B5C1C99CE4F00022F95 /* CoreDataHelper.swift */ = {isa = PBXFileReference; fileEncoding = 4; lastKnownFileType = sourcecode.swift; path = CoreDataHelper.swift; sourceTree = "<group>"; };
		41902B5E1C9AC22500022F95 /* FilesViewModel.swift */ = {isa = PBXFileReference; fileEncoding = 4; lastKnownFileType = sourcecode.swift; path = FilesViewModel.swift; sourceTree = "<group>"; };
/* End PBXFileReference section */

/* Begin PBXFrameworksBuildPhase section */
		41902AD41C997CAF00022F95 /* Frameworks */ = {
			isa = PBXFrameworksBuildPhase;
			buildActionMask = 2147483647;
			files = (
			);
			runOnlyForDeploymentPostprocessing = 0;
		};
		41902ADF1C997CB000022F95 /* Frameworks */ = {
			isa = PBXFrameworksBuildPhase;
			buildActionMask = 2147483647;
			files = (
				41902AE31C997CB000022F95 /* RACFRC.framework in Frameworks */,
			);
			runOnlyForDeploymentPostprocessing = 0;
		};
/* End PBXFrameworksBuildPhase section */

/* Begin PBXGroup section */
		41902ACE1C997CAF00022F95 = {
			isa = PBXGroup;
			children = (
				41902B101C9982F800022F95 /* ReactiveCocoa.framework */,
				41902B111C9982F800022F95 /* Result.framework */,
				41902ADA1C997CAF00022F95 /* RACFRC */,
				41902AE61C997CB000022F95 /* RACFRCTests */,
			);
			sourceTree = "<group>";
		};
		41902AD91C997CAF00022F95 /* Products */ = {
			isa = PBXGroup;
			children = (
				41902AD81C997CAF00022F95 /* RACFRC.framework */,
				41902AE21C997CB000022F95 /* RACFRCTests.xctest */,
			);
			name = Products;
			path = ..;
			sourceTree = "<group>";
		};
		41902ADA1C997CAF00022F95 /* RACFRC */ = {
			isa = PBXGroup;
			children = (
				41902AF81C9980C700022F95 /* Array+diff.swift */,
				41902AF91C9980C700022F95 /* FlatMutableCollectionChange.swift */,
				41902AFA1C9980C700022F95 /* MutableCollectionChange.swift */,
				41902AFB1C9980C700022F95 /* MutableCollectionChangeOperation.swift */,
				41902AFC1C9980C700022F95 /* MutableCollectionProperty.h */,
				41902AFD1C9980C700022F95 /* MutableCollectionProperty.swift */,
				41902AFE1C9980C700022F95 /* WeakSet.swift */,
				41902ADB1C997CAF00022F95 /* RACFRC.h */,
				41902AF21C997CF100022F95 /* RACFRC.swift */,
				41902ADD1C997CAF00022F95 /* Info.plist */,
			);
			path = RACFRC;
			sourceTree = "<group>";
		};
		41902AE61C997CB000022F95 /* RACFRCTests */ = {
			isa = PBXGroup;
			children = (
				41902B571C99C98400022F95 /* File.swift */,
				41902AE71C997CB000022F95 /* RACFRCTests.swift */,
				41902B5C1C99CE4F00022F95 /* CoreDataHelper.swift */,
				41902B531C99C93900022F95 /* Model.xcdatamodeld */,
				41902AE91C997CB000022F95 /* Info.plist */,
				41902B5E1C9AC22500022F95 /* FilesViewModel.swift */,
				416313141C9AFBCA003C3368 /* FilesViewController.swift */,
				41902AD91C997CAF00022F95 /* Products */,
			);
			path = RACFRCTests;
			sourceTree = "<group>";
		};
/* End PBXGroup section */

/* Begin PBXHeadersBuildPhase section */
		41902AD51C997CAF00022F95 /* Headers */ = {
			isa = PBXHeadersBuildPhase;
			buildActionMask = 2147483647;
			files = (
				41902B031C9980C700022F95 /* MutableCollectionProperty.h in Headers */,
				41902ADC1C997CAF00022F95 /* RACFRC.h in Headers */,
			);
			runOnlyForDeploymentPostprocessing = 0;
		};
/* End PBXHeadersBuildPhase section */

/* Begin PBXNativeTarget section */
		41902AD71C997CAF00022F95 /* RACFRC */ = {
			isa = PBXNativeTarget;
			buildConfigurationList = 41902AEC1C997CB000022F95 /* Build configuration list for PBXNativeTarget "RACFRC" */;
			buildPhases = (
				41902AD31C997CAF00022F95 /* Sources */,
				41902AD41C997CAF00022F95 /* Frameworks */,
				41902AD51C997CAF00022F95 /* Headers */,
				41902AD61C997CAF00022F95 /* Resources */,
			);
			buildRules = (
			);
			dependencies = (
			);
			name = RACFRC;
			productName = RACFRC;
			productReference = 41902AD81C997CAF00022F95 /* RACFRC.framework */;
			productType = "com.apple.product-type.framework";
		};
		41902AE11C997CB000022F95 /* RACFRCTests */ = {
			isa = PBXNativeTarget;
			buildConfigurationList = 41902AEF1C997CB000022F95 /* Build configuration list for PBXNativeTarget "RACFRCTests" */;
			buildPhases = (
				41902ADE1C997CB000022F95 /* Sources */,
				41902ADF1C997CB000022F95 /* Frameworks */,
				41902AE01C997CB000022F95 /* Resources */,
				41902B0B1C99827F00022F95 /* Copy Frameworks */,
			);
			buildRules = (
			);
			dependencies = (
				41902AE51C997CB000022F95 /* PBXTargetDependency */,
			);
			name = RACFRCTests;
			productName = RACFRCTests;
			productReference = 41902AE21C997CB000022F95 /* RACFRCTests.xctest */;
			productType = "com.apple.product-type.bundle.unit-test";
		};
/* End PBXNativeTarget section */

/* Begin PBXProject section */
		41902ACF1C997CAF00022F95 /* Project object */ = {
			isa = PBXProject;
			attributes = {
				LastSwiftUpdateCheck = 0720;
				LastUpgradeCheck = 0720;
				ORGANIZATIONNAME = "ONE FREELANCE LTD";
				TargetAttributes = {
					41902AD71C997CAF00022F95 = {
						CreatedOnToolsVersion = 7.2.1;
					};
					41902AE11C997CB000022F95 = {
						CreatedOnToolsVersion = 7.2.1;
					};
				};
			};
			buildConfigurationList = 41902AD21C997CAF00022F95 /* Build configuration list for PBXProject "RACFRC" */;
			compatibilityVersion = "Xcode 3.2";
			developmentRegion = English;
			hasScannedForEncodings = 0;
			knownRegions = (
				en,
			);
			mainGroup = 41902ACE1C997CAF00022F95;
			productRefGroup = 41902AD91C997CAF00022F95 /* Products */;
			projectDirPath = "";
			projectRoot = "";
			targets = (
				41902AD71C997CAF00022F95 /* RACFRC */,
				41902AE11C997CB000022F95 /* RACFRCTests */,
			);
		};
/* End PBXProject section */

/* Begin PBXResourcesBuildPhase section */
		41902AD61C997CAF00022F95 /* Resources */ = {
			isa = PBXResourcesBuildPhase;
			buildActionMask = 2147483647;
			files = (
			);
			runOnlyForDeploymentPostprocessing = 0;
		};
		41902AE01C997CB000022F95 /* Resources */ = {
			isa = PBXResourcesBuildPhase;
			buildActionMask = 2147483647;
			files = (
				41902B121C9982F800022F95 /* ReactiveCocoa.framework in Resources */,
				41902B131C9982F800022F95 /* Result.framework in Resources */,
			);
			runOnlyForDeploymentPostprocessing = 0;
		};
/* End PBXResourcesBuildPhase section */

/* Begin PBXSourcesBuildPhase section */
		41902AD31C997CAF00022F95 /* Sources */ = {
			isa = PBXSourcesBuildPhase;
			buildActionMask = 2147483647;
			files = (
				41902B011C9980C700022F95 /* MutableCollectionChange.swift in Sources */,
				41902AFF1C9980C700022F95 /* Array+diff.swift in Sources */,
				41902B001C9980C700022F95 /* FlatMutableCollectionChange.swift in Sources */,
				41902B021C9980C700022F95 /* MutableCollectionChangeOperation.swift in Sources */,
				41902AF31C997CF100022F95 /* RACFRC.swift in Sources */,
				41902B041C9980C700022F95 /* MutableCollectionProperty.swift in Sources */,
				41902B051C9980C700022F95 /* WeakSet.swift in Sources */,
			);
			runOnlyForDeploymentPostprocessing = 0;
		};
		41902ADE1C997CB000022F95 /* Sources */ = {
			isa = PBXSourcesBuildPhase;
			buildActionMask = 2147483647;
			files = (
				41902B5A1C99CA9200022F95 /* File.swift in Sources */,
				41902B5B1C99CA9200022F95 /* Model.xcdatamodeld in Sources */,
				41902B5D1C99CE4F00022F95 /* CoreDataHelper.swift in Sources */,
				41902AE81C997CB000022F95 /* RACFRCTests.swift in Sources */,
				416313151C9AFBCA003C3368 /* FilesViewController.swift in Sources */,
				41902B5F1C9AC22500022F95 /* FilesViewModel.swift in Sources */,
			);
			runOnlyForDeploymentPostprocessing = 0;
		};
/* End PBXSourcesBuildPhase section */

/* Begin PBXTargetDependency section */
		41902AE51C997CB000022F95 /* PBXTargetDependency */ = {
			isa = PBXTargetDependency;
			target = 41902AD71C997CAF00022F95 /* RACFRC */;
			targetProxy = 41902AE41C997CB000022F95 /* PBXContainerItemProxy */;
		};
/* End PBXTargetDependency section */

/* Begin XCBuildConfiguration section */
		41902AEA1C997CB000022F95 /* Debug */ = {
			isa = XCBuildConfiguration;
			buildSettings = {
				ALWAYS_SEARCH_USER_PATHS = NO;
				CLANG_CXX_LANGUAGE_STANDARD = "gnu++0x";
				CLANG_CXX_LIBRARY = "libc++";
				CLANG_ENABLE_MODULES = YES;
				CLANG_ENABLE_OBJC_ARC = YES;
				CLANG_WARN_BOOL_CONVERSION = YES;
				CLANG_WARN_CONSTANT_CONVERSION = YES;
				CLANG_WARN_DIRECT_OBJC_ISA_USAGE = YES_ERROR;
				CLANG_WARN_EMPTY_BODY = YES;
				CLANG_WARN_ENUM_CONVERSION = YES;
				CLANG_WARN_INT_CONVERSION = YES;
				CLANG_WARN_OBJC_ROOT_CLASS = YES_ERROR;
				CLANG_WARN_UNREACHABLE_CODE = YES;
				CLANG_WARN__DUPLICATE_METHOD_MATCH = YES;
				"CODE_SIGN_IDENTITY[sdk=iphoneos*]" = "iPhone Developer";
				COPY_PHASE_STRIP = NO;
				CURRENT_PROJECT_VERSION = 1;
				DEBUG_INFORMATION_FORMAT = dwarf;
				ENABLE_STRICT_OBJC_MSGSEND = YES;
				ENABLE_TESTABILITY = YES;
				GCC_C_LANGUAGE_STANDARD = gnu99;
				GCC_DYNAMIC_NO_PIC = NO;
				GCC_NO_COMMON_BLOCKS = YES;
				GCC_OPTIMIZATION_LEVEL = 0;
				GCC_PREPROCESSOR_DEFINITIONS = (
					"DEBUG=1",
					"$(inherited)",
				);
				GCC_WARN_64_TO_32_BIT_CONVERSION = YES;
				GCC_WARN_ABOUT_RETURN_TYPE = YES_ERROR;
				GCC_WARN_UNDECLARED_SELECTOR = YES;
				GCC_WARN_UNINITIALIZED_AUTOS = YES_AGGRESSIVE;
				GCC_WARN_UNUSED_FUNCTION = YES;
				GCC_WARN_UNUSED_VARIABLE = YES;
				IPHONEOS_DEPLOYMENT_TARGET = 9.2;
				MTL_ENABLE_DEBUG_INFO = YES;
				ONLY_ACTIVE_ARCH = YES;
				SDKROOT = iphoneos;
				SWIFT_OPTIMIZATION_LEVEL = "-Onone";
				TARGETED_DEVICE_FAMILY = "1,2";
				VERSIONING_SYSTEM = "apple-generic";
				VERSION_INFO_PREFIX = "";
			};
			name = Debug;
		};
		41902AEB1C997CB000022F95 /* Release */ = {
			isa = XCBuildConfiguration;
			buildSettings = {
				ALWAYS_SEARCH_USER_PATHS = NO;
				CLANG_CXX_LANGUAGE_STANDARD = "gnu++0x";
				CLANG_CXX_LIBRARY = "libc++";
				CLANG_ENABLE_MODULES = YES;
				CLANG_ENABLE_OBJC_ARC = YES;
				CLANG_WARN_BOOL_CONVERSION = YES;
				CLANG_WARN_CONSTANT_CONVERSION = YES;
				CLANG_WARN_DIRECT_OBJC_ISA_USAGE = YES_ERROR;
				CLANG_WARN_EMPTY_BODY = YES;
				CLANG_WARN_ENUM_CONVERSION = YES;
				CLANG_WARN_INT_CONVERSION = YES;
				CLANG_WARN_OBJC_ROOT_CLASS = YES_ERROR;
				CLANG_WARN_UNREACHABLE_CODE = YES;
				CLANG_WARN__DUPLICATE_METHOD_MATCH = YES;
				"CODE_SIGN_IDENTITY[sdk=iphoneos*]" = "iPhone Developer";
				COPY_PHASE_STRIP = NO;
				CURRENT_PROJECT_VERSION = 1;
				DEBUG_INFORMATION_FORMAT = "dwarf-with-dsym";
				ENABLE_NS_ASSERTIONS = NO;
				ENABLE_STRICT_OBJC_MSGSEND = YES;
				GCC_C_LANGUAGE_STANDARD = gnu99;
				GCC_NO_COMMON_BLOCKS = YES;
				GCC_WARN_64_TO_32_BIT_CONVERSION = YES;
				GCC_WARN_ABOUT_RETURN_TYPE = YES_ERROR;
				GCC_WARN_UNDECLARED_SELECTOR = YES;
				GCC_WARN_UNINITIALIZED_AUTOS = YES_AGGRESSIVE;
				GCC_WARN_UNUSED_FUNCTION = YES;
				GCC_WARN_UNUSED_VARIABLE = YES;
				IPHONEOS_DEPLOYMENT_TARGET = 9.2;
				MTL_ENABLE_DEBUG_INFO = NO;
				SDKROOT = iphoneos;
				TARGETED_DEVICE_FAMILY = "1,2";
				VALIDATE_PRODUCT = YES;
				VERSIONING_SYSTEM = "apple-generic";
				VERSION_INFO_PREFIX = "";
			};
			name = Release;
		};
		41902AED1C997CB000022F95 /* Debug */ = {
			isa = XCBuildConfiguration;
			buildSettings = {
				CLANG_ENABLE_MODULES = YES;
				DEFINES_MODULE = YES;
				DYLIB_COMPATIBILITY_VERSION = 1;
				DYLIB_CURRENT_VERSION = 1;
				DYLIB_INSTALL_NAME_BASE = "@rpath";
				FRAMEWORK_SEARCH_PATHS = (
					"$(inherited)",
					"$(PROJECT_DIR)/Carthage/Build/iOS",
				);
				INFOPLIST_FILE = RACFRC/Info.plist;
				INSTALL_PATH = "$(LOCAL_LIBRARY_DIR)/Frameworks";
				LD_RUNPATH_SEARCH_PATHS = "$(inherited) @executable_path/Frameworks @loader_path/Frameworks";
				PRODUCT_BUNDLE_IDENTIFIER = net.frogprog.RACFRC;
				PRODUCT_NAME = "$(TARGET_NAME)";
				SKIP_INSTALL = YES;
				SWIFT_OPTIMIZATION_LEVEL = "-Onone";
			};
			name = Debug;
		};
		41902AEE1C997CB000022F95 /* Release */ = {
			isa = XCBuildConfiguration;
			buildSettings = {
				CLANG_ENABLE_MODULES = YES;
				DEFINES_MODULE = YES;
				DYLIB_COMPATIBILITY_VERSION = 1;
				DYLIB_CURRENT_VERSION = 1;
				DYLIB_INSTALL_NAME_BASE = "@rpath";
				FRAMEWORK_SEARCH_PATHS = (
					"$(inherited)",
					"$(PROJECT_DIR)/Carthage/Build/iOS",
				);
				INFOPLIST_FILE = RACFRC/Info.plist;
				INSTALL_PATH = "$(LOCAL_LIBRARY_DIR)/Frameworks";
				LD_RUNPATH_SEARCH_PATHS = "$(inherited) @executable_path/Frameworks @loader_path/Frameworks";
				PRODUCT_BUNDLE_IDENTIFIER = net.frogprog.RACFRC;
				PRODUCT_NAME = "$(TARGET_NAME)";
				SKIP_INSTALL = YES;
			};
			name = Release;
		};
		41902AF01C997CB000022F95 /* Debug */ = {
			isa = XCBuildConfiguration;
			buildSettings = {
				FRAMEWORK_SEARCH_PATHS = (
					"$(inherited)",
					"$(PROJECT_DIR)/Carthage/Build/iOS",
				);
				INFOPLIST_FILE = RACFRCTests/Info.plist;
				LD_RUNPATH_SEARCH_PATHS = "$(inherited) @executable_path/Frameworks @loader_path/Frameworks";
				PRODUCT_BUNDLE_IDENTIFIER = net.frogprog.RACFRCTests;
				PRODUCT_NAME = "$(TARGET_NAME)";
			};
			name = Debug;
		};
		41902AF11C997CB000022F95 /* Release */ = {
			isa = XCBuildConfiguration;
			buildSettings = {
				FRAMEWORK_SEARCH_PATHS = (
					"$(inherited)",
					"$(PROJECT_DIR)/Carthage/Build/iOS",
				);
				INFOPLIST_FILE = RACFRCTests/Info.plist;
				LD_RUNPATH_SEARCH_PATHS = "$(inherited) @executable_path/Frameworks @loader_path/Frameworks";
				PRODUCT_BUNDLE_IDENTIFIER = net.frogprog.RACFRCTests;
				PRODUCT_NAME = "$(TARGET_NAME)";
			};
			name = Release;
		};
/* End XCBuildConfiguration section */

/* Begin XCConfigurationList section */
		41902AD21C997CAF00022F95 /* Build configuration list for PBXProject "RACFRC" */ = {
			isa = XCConfigurationList;
			buildConfigurations = (
				41902AEA1C997CB000022F95 /* Debug */,
				41902AEB1C997CB000022F95 /* Release */,
			);
			defaultConfigurationIsVisible = 0;
			defaultConfigurationName = Release;
		};
		41902AEC1C997CB000022F95 /* Build configuration list for PBXNativeTarget "RACFRC" */ = {
			isa = XCConfigurationList;
			buildConfigurations = (
				41902AED1C997CB000022F95 /* Debug */,
				41902AEE1C997CB000022F95 /* Release */,
			);
			defaultConfigurationIsVisible = 0;
			defaultConfigurationName = Release;
		};
		41902AEF1C997CB000022F95 /* Build configuration list for PBXNativeTarget "RACFRCTests" */ = {
			isa = XCConfigurationList;
			buildConfigurations = (
				41902AF01C997CB000022F95 /* Debug */,
				41902AF11C997CB000022F95 /* Release */,
			);
			defaultConfigurationIsVisible = 0;
			defaultConfigurationName = Release;
		};
/* End XCConfigurationList section */

/* Begin XCVersionGroup section */
		41902B531C99C93900022F95 /* Model.xcdatamodeld */ = {
			isa = XCVersionGroup;
			children = (
				41902B541C99C93900022F95 /* Model.xcdatamodel */,
			);
			currentVersion = 41902B541C99C93900022F95 /* Model.xcdatamodel */;
			path = Model.xcdatamodeld;
			sourceTree = "<group>";
			versionGroupType = wrapper.xcdatamodel;
		};
/* End XCVersionGroup section */
	};
	rootObject = 41902ACF1C997CAF00022F95 /* Project object */;
}
